<?xml version="1.0" encoding="utf-8"?>
<Project ToolsVersion="4.0" xmlns="http://schemas.microsoft.com/developer/msbuild/2003">
  <ItemGroup>
    <Filter Include="Fichiers sources">
      <UniqueIdentifier>{4FC737F1-C7A5-4376-A066-2A32D752A2FF}</UniqueIdentifier>
      <Extensions>cpp;c;cc;cxx;c++;cppm;ixx;def;odl;idl;hpj;bat;asm;asmx</Extensions>
    </Filter>
    <Filter Include="Fichiers d%27en-tête">
      <UniqueIdentifier>{93995380-89BD-4b04-88EB-625FBE52EBFB}</UniqueIdentifier>
      <Extensions>h;hh;hpp;hxx;h++;hm;inl;inc;ipp;xsd</Extensions>
    </Filter>
    <Filter Include="Fichiers de ressources">
      <UniqueIdentifier>{67DA6AB6-F800-4c08-8B7A-83BB121AAD01}</UniqueIdentifier>
      <Extensions>rc;ico;cur;bmp;dlg;rc2;rct;bin;rgs;gif;jpg;jpeg;jpe;resx;tiff;tif;png;wav;mfcribbon-ms</Extensions>
    </Filter>
    <Filter Include="CApp">
      <UniqueIdentifier>{3167cf36-8055-4bb3-9ba2-a196e6b90a10}</UniqueIdentifier>
    </Filter>
    <Filter Include="CScene">
      <UniqueIdentifier>{ae01eb01-1c2c-493f-9357-bfd9f7123bb2}</UniqueIdentifier>
    </Filter>
    <Filter Include="CMap">
      <UniqueIdentifier>{804e2f65-9e23-4fdb-b66c-480ddf6bc640}</UniqueIdentifier>
    </Filter>
  </ItemGroup>
  <ItemGroup>
    <ClCompile Include="main.cpp">
      <Filter>Fichiers sources</Filter>
    </ClCompile>
    <ClCompile Include="CApp\CApp.cpp">
      <Filter>CApp</Filter>
    </ClCompile>
    <ClCompile Include="CScene\CScene.cpp">
      <Filter>CScene</Filter>
    </ClCompile>
    <ClCompile Include="CMap\CMap.cpp">
      <Filter>CMap</Filter>
    </ClCompile>
  </ItemGroup>
  <ItemGroup>
    <ClInclude Include="CApp\CApp.h">
      <Filter>CApp</Filter>
    </ClInclude>
    <ClInclude Include="app.h">
      <Filter>Fichiers d%27en-tête</Filter>
    </ClInclude>
    <ClInclude Include="CScene\CScene.h">
      <Filter>CScene</Filter>
    </ClInclude>
    <ClInclude Include="CMap\CMap.h">
      <Filter>CMap</Filter>
    </ClInclude>
  </ItemGroup>
  <ItemGroup>
    <None Include="ClassDiagram.cd" />
  </ItemGroup>
  <ItemGroup>
    <Text Include="Ressource\Sprites\level.txt" />
  </ItemGroup>
</Project>